
Microsoft Visual Studio Solution File, Format Version 12.00
# Visual Studio Version 17
VisualStudioVersion = 17.9.34723.18
MinimumVisualStudioVersion = 10.0.40219.1
Project("{9A19103F-16F7-4668-BE54-9A1E7A4F7556}") = "MCDotNetCore.ConsoleApp", "MCDotNetCore.ConsoleApp\MCDotNetCore.ConsoleApp.csproj", "{350BD3E3-0B3A-461F-A072-7362EFA52DEA}"
EndProject
Project("{2150E333-8FDC-42A3-9474-1A3956D46DE8}") = "Documents", "Documents", "{F5CEAA04-6B6B-465F-A4C4-DC599157CAE3}"
	ProjectSection(SolutionItems) = preProject
		DotNetTrainingBatch4DBScript.sql = DotNetTrainingBatch4DBScript.sql
		README.MD = README.MD
	EndProjectSection
EndProject
Project("{9A19103F-16F7-4668-BE54-9A1E7A4F7556}") = "MCDotNetCore.RestApi", "MCDotNetCore.RestApi\MCDotNetCore.RestApi.csproj", "{1C2B47FC-F468-4D0F-B193-2551B61B630D}"
EndProject
Project("{9A19103F-16F7-4668-BE54-9A1E7A4F7556}") = "MCDotNetCore.Shared", "MCDotNetCore.Shared\MCDotNetCore.Shared.csproj", "{C8F78B3B-D2F8-4F3F-8608-7C9672EC341B}"
EndProject
Project("{9A19103F-16F7-4668-BE54-9A1E7A4F7556}") = "MCDotNetCore.RestApiWithNLayer", "MCDotNetCore.RestApiWithNLayer\MCDotNetCore.RestApiWithNLayer.csproj", "{8F235D9E-9397-4290-A704-F3764002DF41}"
EndProject
Project("{9A19103F-16F7-4668-BE54-9A1E7A4F7556}") = "MCDotNetCore.ConsoleAppHttpClient", "MCDotNetCore.ConsoleAppHttpClient\MCDotNetCore.ConsoleAppHttpClient.csproj", "{774A2E29-7FB9-4813-ACC4-50DC442509B4}"
EndProject
Project("{9A19103F-16F7-4668-BE54-9A1E7A4F7556}") = "MCDotNetCore.PizzaApi", "MCDotNetCore.PizzaApi\MCDotNetCore.PizzaApi.csproj", "{A3BC3705-07D8-4EE0-B983-F66C8AE97A64}"
EndProject
Project("{9A19103F-16F7-4668-BE54-9A1E7A4F7556}") = "MCDotNetCore.ConsoleAppWithRefit", "MCDotNetCore.ConsoleAppWithRefit\MCDotNetCore.ConsoleAppWithRefit.csproj", "{EEC819B7-1AF3-41E3-9B8A-2DD238863CC5}"
EndProject
Project("{FAE04EC0-301F-11D3-BF4B-00C04F79EFBC}") = "MCDotNetCore.WinFormsApp", "MCDotNetCore.WinFormsApp\MCDotNetCore.WinFormsApp.csproj", "{5B94E8D6-C726-440B-9902-35A8CA60A4A5}"
EndProject
Global
	GlobalSection(SolutionConfigurationPlatforms) = preSolution
		Debug|Any CPU = Debug|Any CPU
		Release|Any CPU = Release|Any CPU
	EndGlobalSection
	GlobalSection(ProjectConfigurationPlatforms) = postSolution
		{350BD3E3-0B3A-461F-A072-7362EFA52DEA}.Debug|Any CPU.ActiveCfg = Debug|Any CPU
		{350BD3E3-0B3A-461F-A072-7362EFA52DEA}.Debug|Any CPU.Build.0 = Debug|Any CPU
		{350BD3E3-0B3A-461F-A072-7362EFA52DEA}.Release|Any CPU.ActiveCfg = Release|Any CPU
		{350BD3E3-0B3A-461F-A072-7362EFA52DEA}.Release|Any CPU.Build.0 = Release|Any CPU
		{1C2B47FC-F468-4D0F-B193-2551B61B630D}.Debug|Any CPU.ActiveCfg = Debug|Any CPU
		{1C2B47FC-F468-4D0F-B193-2551B61B630D}.Debug|Any CPU.Build.0 = Debug|Any CPU
		{1C2B47FC-F468-4D0F-B193-2551B61B630D}.Release|Any CPU.ActiveCfg = Release|Any CPU
		{1C2B47FC-F468-4D0F-B193-2551B61B630D}.Release|Any CPU.Build.0 = Release|Any CPU
		{C8F78B3B-D2F8-4F3F-8608-7C9672EC341B}.Debug|Any CPU.ActiveCfg = Debug|Any CPU
		{C8F78B3B-D2F8-4F3F-8608-7C9672EC341B}.Debug|Any CPU.Build.0 = Debug|Any CPU
		{C8F78B3B-D2F8-4F3F-8608-7C9672EC341B}.Release|Any CPU.ActiveCfg = Release|Any CPU
		{C8F78B3B-D2F8-4F3F-8608-7C9672EC341B}.Release|Any CPU.Build.0 = Release|Any CPU
		{8F235D9E-9397-4290-A704-F3764002DF41}.Debug|Any CPU.ActiveCfg = Debug|Any CPU
		{8F235D9E-9397-4290-A704-F3764002DF41}.Debug|Any CPU.Build.0 = Debug|Any CPU
		{8F235D9E-9397-4290-A704-F3764002DF41}.Release|Any CPU.ActiveCfg = Release|Any CPU
		{8F235D9E-9397-4290-A704-F3764002DF41}.Release|Any CPU.Build.0 = Release|Any CPU
		{774A2E29-7FB9-4813-ACC4-50DC442509B4}.Debug|Any CPU.ActiveCfg = Debug|Any CPU
		{774A2E29-7FB9-4813-ACC4-50DC442509B4}.Debug|Any CPU.Build.0 = Debug|Any CPU
		{774A2E29-7FB9-4813-ACC4-50DC442509B4}.Release|Any CPU.ActiveCfg = Release|Any CPU
		{774A2E29-7FB9-4813-ACC4-50DC442509B4}.Release|Any CPU.Build.0 = Release|Any CPU
		{A3BC3705-07D8-4EE0-B983-F66C8AE97A64}.Debug|Any CPU.ActiveCfg = Debug|Any CPU
		{A3BC3705-07D8-4EE0-B983-F66C8AE97A64}.Debug|Any CPU.Build.0 = Debug|Any CPU
		{A3BC3705-07D8-4EE0-B983-F66C8AE97A64}.Release|Any CPU.ActiveCfg = Release|Any CPU
		{A3BC3705-07D8-4EE0-B983-F66C8AE97A64}.Release|Any CPU.Build.0 = Release|Any CPU
		{EEC819B7-1AF3-41E3-9B8A-2DD238863CC5}.Debug|Any CPU.ActiveCfg = Debug|Any CPU
		{EEC819B7-1AF3-41E3-9B8A-2DD238863CC5}.Debug|Any CPU.Build.0 = Debug|Any CPU
		{EEC819B7-1AF3-41E3-9B8A-2DD238863CC5}.Release|Any CPU.ActiveCfg = Release|Any CPU
		{EEC819B7-1AF3-41E3-9B8A-2DD238863CC5}.Release|Any CPU.Build.0 = Release|Any CPU
		{5B94E8D6-C726-440B-9902-35A8CA60A4A5}.Debug|Any CPU.ActiveCfg = Debug|Any CPU
		{5B94E8D6-C726-440B-9902-35A8CA60A4A5}.Debug|Any CPU.Build.0 = Debug|Any CPU
		{5B94E8D6-C726-440B-9902-35A8CA60A4A5}.Release|Any CPU.ActiveCfg = Release|Any CPU
		{5B94E8D6-C726-440B-9902-35A8CA60A4A5}.Release|Any CPU.Build.0 = Release|Any CPU
	EndGlobalSection
	GlobalSection(SolutionProperties) = preSolution
		HideSolutionNode = FALSE
	EndGlobalSection
	GlobalSection(ExtensibilityGlobals) = postSolution
		SolutionGuid = {12AC3006-173C-4A43-9995-BE17183D61C2}
	EndGlobalSection
EndGlobal
